<?xml version="1.0" encoding="utf-8"?>
<Project ToolsVersion="4.0" xmlns="http://schemas.microsoft.com/developer/msbuild/2003">
  <ItemGroup>
    <Filter Include="UI Headers">
      <UniqueIdentifier>{93995380-89BD-4b04-88EB-625FBE52EBFB}</UniqueIdentifier>
      <Extensions>h;hh;hpp;hxx;h++;hm;inl;inc;ipp;xsd</Extensions>
    </Filter>
    <Filter Include="UI Sources">
      <UniqueIdentifier>{4FC737F1-C7A5-4376-A066-2A32D752A2FF}</UniqueIdentifier>
      <Extensions>cpp;c;cc;cxx;c++;cppm;ixx;def;odl;idl;hpj;bat;asm;asmx</Extensions>
    </Filter>
    <Filter Include="UI Resources">
      <UniqueIdentifier>{67DA6AB6-F800-4c08-8B7A-83BB121AAD01}</UniqueIdentifier>
      <Extensions>rc;ico;cur;bmp;dlg;rc2;rct;bin;rgs;gif;jpg;jpeg;jpe;resx;tiff;tif;png;wav;mfcribbon-ms</Extensions>
    </Filter>
  </ItemGroup>
  <ItemGroup>
    <ClCompile Include="ImGUI\imgui.cpp">
      <Filter>UI Sources</Filter>
    </ClCompile>
    <ClCompile Include="ImGUI\imgui_demo.cpp">
      <Filter>UI Sources</Filter>
    </ClCompile>
    <ClCompile Include="ImGUI\imgui_draw.cpp">
      <Filter>UI Sources</Filter>
    </ClCompile>
    <ClCompile Include="ImGUI\imgui_impl_sdl.cpp">
      <Filter>UI Sources</Filter>
    </ClCompile>
    <ClCompile Include="ImGUI\imgui_tables.cpp">
      <Filter>UI Sources</Filter>
    </ClCompile>
    <ClCompile Include="ImGUI\imgui_widgets.cpp">
      <Filter>UI Sources</Filter>
    </ClCompile>
    <ClCompile Include="ImGUI\imgui_impl_sdlrenderer.cpp">
      <Filter>UI Sources</Filter>
    </ClCompile>
    <ClCompile Include="Main.cpp">
      <Filter>UI Sources</Filter>
    </ClCompile>
  </ItemGroup>
  <ItemGroup>
    <None Include="steam_api64.dll" />
    <None Include="packages.config">
      <Filter>UI Sources</Filter>
    </None>
  </ItemGroup>
  <ItemGroup>
    <Natvis Include="$(MSBuildThisFileDirectory)..\..\natvis\wil.natvis" />
  </ItemGroup>
  <ItemGroup>
    <ClInclude Include="ImGUI\imconfig.h">
      <Filter>UI Headers</Filter>
    </ClInclude>
    <ClInclude Include="ImGUI\imgui.h">
      <Filter>UI Headers</Filter>
    </ClInclude>
    <ClInclude Include="ImGUI\imgui_impl_sdl.h">
      <Filter>UI Headers</Filter>
    </ClInclude>
    <ClInclude Include="ImGUI\imgui_internal.h">
      <Filter>UI Headers</Filter>
    </ClInclude>
    <ClInclude Include="ImGUI\imstb_rectpack.h">
      <Filter>UI Headers</Filter>
    </ClInclude>
    <ClInclude Include="ImGUI\imstb_textedit.h">
      <Filter>UI Headers</Filter>
    </ClInclude>
    <ClInclude Include="ImGUI\imstb_truetype.h">
      <Filter>UI Headers</Filter>
    </ClInclude>
    <ClInclude Include="ImGuiKit.h">
      <Filter>UI Headers</Filter>
    </ClInclude>
  </ItemGroup>
</Project>